
Microsoft Visual Studio Solution File, Format Version 12.00
# Visual Studio Version 16
VisualStudioVersion = 16.0.29709.97
MinimumVisualStudioVersion = 10.0.40219.1
Project("{FAE04EC0-301F-11D3-BF4B-00C04F79EFBC}") = "GitBashImplementation", "GitBashImplementation\GitBashImplementation.csproj", "{5F0F3DDC-9DD7-4289-8FA3-2B0E1FDB527A}"
EndProject
Global
	GlobalSection(SolutionConfigurationPlatforms) = preSolution
		Debug|Any CPU = Debug|Any CPU
		Release|Any CPU = Release|Any CPU
	EndGlobalSection
	GlobalSection(ProjectConfigurationPlatforms) = postSolution
		{5F0F3DDC-9DD7-4289-8FA3-2B0E1FDB527A}.Debug|Any CPU.ActiveCfg = Debug|Any CPU
		{5F0F3DDC-9DD7-4289-8FA3-2B0E1FDB527A}.Debug|Any CPU.Build.0 = Debug|Any CPU
		{5F0F3DDC-9DD7-4289-8FA3-2B0E1FDB527A}.Release|Any CPU.ActiveCfg = Release|Any CPU
		{5F0F3DDC-9DD7-4289-8FA3-2B0E1FDB527A}.Release|Any CPU.Build.0 = Release|Any CPU
	EndGlobalSection
	GlobalSection(SolutionProperties) = preSolution
		HideSolutionNode = FALSE
	EndGlobalSection
	GlobalSection(ExtensibilityGlobals) = postSolution
		SolutionGuid = {B9DB1E59-6B04-4F17-BF1E-6209FE69A3EA}
	EndGlobalSection
EndGlobal
